// !$*UTF8*$!
{
	archiveVersion = 1;
	classes = {
	};
	objectVersion = 77;
	objects = {

/* Begin PBXBuildFile section */
		93D8E68C2F9B5FA60090FBFA /* SDWebImageSwiftUI in Frameworks */ = {isa = PBXBuildFile; productRef = 93D8E68B2F9B5FA60090FBFA /* SDWebImageSwiftUI */; };
		D0C385982FB0BD870055284E /* Spleeter in Frameworks */ = {isa = PBXBuildFile; productRef = D0C385972FB0BD870055284E /* Spleeter */; };
		D0DB31F82FA8A3F80089C24C /* LNPopupUI in Frameworks */ = {isa = PBXBuildFile; productRef = D0DB31F72FA8A3F80089C24C /* LNPopupUI */; };
		D0DB31F92FA8A3F80089C24C /* LNPopupUI in Embed Frameworks */ = {isa = PBXBuildFile; productRef = D0DB31F72FA8A3F80089C24C /* LNPopupUI */; settings = {ATTRIBUTES = (CodeSignOnCopy, ); }; };
		D0F981D92F94C10A00FD69AB /* Twinskaraoke Watch App.app in Embed Watch Content */ = {isa = PBXBuildFile; fileRef = D0F981D82F94C10A00FD69AB /* Twinskaraoke Watch App.app */; settings = {ATTRIBUTES = (RemoveHeadersOnCopy, ); }; };
/* End PBXBuildFile section */

/* Begin PBXContainerItemProxy section */
		D0F981DA2F94C10A00FD69AB /* PBXContainerItemProxy */ = {
			isa = PBXContainerItemProxy;
			containerPortal = D0F981AD2F94C10900FD69AB /* Project object */;
			proxyType = 1;
			remoteGlobalIDString = D0F981D72F94C10A00FD69AB;
			remoteInfo = "Twinskaraoke Watch App";
		};
		D1A000152FAD000100000015 /* PBXContainerItemProxy */ = {
			isa = PBXContainerItemProxy;
			containerPortal = D0F981AD2F94C10900FD69AB /* Project object */;
			proxyType = 1;
			remoteGlobalIDString = D0F981B42F94C10900FD69AB;
			remoteInfo = Twinskaraoke;
		};
		D1A000172FAD000100000017 /* PBXContainerItemProxy */ = {
			isa = PBXContainerItemProxy;
			containerPortal = D0F981AD2F94C10900FD69AB /* Project object */;
			proxyType = 1;
			remoteGlobalIDString = D0F981B42F94C10900FD69AB;
			remoteInfo = Twinskaraoke;
		};
		D1A000192FAD000100000019 /* PBXContainerItemProxy */ = {
			isa = PBXContainerItemProxy;
			containerPortal = D0F981AD2F94C10900FD69AB /* Project object */;
			proxyType = 1;
			remoteGlobalIDString = D0F981D72F94C10A00FD69AB;
			remoteInfo = "Twinskaraoke Watch App";
		};
		D1A0001B2FAD00010000001B /* PBXContainerItemProxy */ = {
			isa = PBXContainerItemProxy;
			containerPortal = D0F981AD2F94C10900FD69AB /* Project object */;
			proxyType = 1;
			remoteGlobalIDString = D0F981D72F94C10A00FD69AB;
			remoteInfo = "Twinskaraoke Watch App";
		};
/* End PBXContainerItemProxy section */

/* Begin PBXCopyFilesBuildPhase section */
		D0DB31FA2FA8A3F80089C24C /* Embed Frameworks */ = {
			isa = PBXCopyFilesBuildPhase;
			buildActionMask = 2147483647;
			dstPath = "";
			dstSubfolderSpec = 10;
			files = (
				D0DB31F92FA8A3F80089C24C /* LNPopupUI in Embed Frameworks */,
			);
			name = "Embed Frameworks";
			runOnlyForDeploymentPostprocessing = 0;
		};
		D0F981FE2F94C10B00FD69AB /* Embed Watch Content */ = {
			isa = PBXCopyFilesBuildPhase;
			buildActionMask = 2147483647;
			dstPath = "$(CONTENTS_FOLDER_PATH)/Watch";
			dstSubfolderSpec = 16;
			files = (
				D0F981D92F94C10A00FD69AB /* Twinskaraoke Watch App.app in Embed Watch Content */,
			);
			name = "Embed Watch Content";
			runOnlyForDeploymentPostprocessing = 0;
		};
/* End PBXCopyFilesBuildPhase section */

/* Begin PBXFileReference section */
		D0F981B52F94C10900FD69AB /* Twinskaraoke.app */ = {isa = PBXFileReference; explicitFileType = wrapper.application; includeInIndex = 0; path = Twinskaraoke.app; sourceTree = BUILT_PRODUCTS_DIR; };
		D0F981D82F94C10A00FD69AB /* Twinskaraoke Watch App.app */ = {isa = PBXFileReference; explicitFileType = wrapper.application; includeInIndex = 0; path = "Twinskaraoke Watch App.app"; sourceTree = BUILT_PRODUCTS_DIR; };
		D1A000012FAD000100000001 /* TwinskaraokeTests.xctest */ = {isa = PBXFileReference; explicitFileType = wrapper.cfbundle; includeInIndex = 0; path = TwinskaraokeTests.xctest; sourceTree = BUILT_PRODUCTS_DIR; };
		D1A000022FAD000100000002 /* TwinskaraokeUITests.xctest */ = {isa = PBXFileReference; explicitFileType = wrapper.cfbundle; includeInIndex = 0; path = TwinskaraokeUITests.xctest; sourceTree = BUILT_PRODUCTS_DIR; };
		D1A000032FAD000100000003 /* Twinskaraoke Watch AppTests.xctest */ = {isa = PBXFileReference; explicitFileType = wrapper.cfbundle; includeInIndex = 0; path = "Twinskaraoke Watch AppTests.xctest"; sourceTree = BUILT_PRODUCTS_DIR; };
		D1A000042FAD000100000004 /* Twinskaraoke Watch AppUITests.xctest */ = {isa = PBXFileReference; explicitFileType = wrapper.cfbundle; includeInIndex = 0; path = "Twinskaraoke Watch AppUITests.xctest"; sourceTree = BUILT_PRODUCTS_DIR; };
/* End PBXFileReference section */

/* Begin PBXFileSystemSynchronizedBuildFileExceptionSet section */
		D01D91C82FA07A4100E300C5 /* Exceptions for "Twinskaraoke" folder in "Twinskaraoke" target */ = {
			isa = PBXFileSystemSynchronizedBuildFileExceptionSet;
			membershipExceptions = (
				Info.plist,
			);
			target = D0F981B42F94C10900FD69AB /* Twinskaraoke */;
		};
		D01D91D02FB1000100E30001 /* Exceptions for "TwinskaraokeWatchApp" folder in "Twinskaraoke Watch App" target */ = {
			isa = PBXFileSystemSynchronizedBuildFileExceptionSet;
			membershipExceptions = (
				Info.plist,
			);
			target = D0F981D72F94C10A00FD69AB /* Twinskaraoke Watch App */;
		};
/* End PBXFileSystemSynchronizedBuildFileExceptionSet section */

/* Begin PBXFileSystemSynchronizedRootGroup section */
		D0F981B72F94C10900FD69AB /* Twinskaraoke */ = {
			isa = PBXFileSystemSynchronizedRootGroup;
			exceptions = (
				D01D91C82FA07A4100E300C5 /* Exceptions for "Twinskaraoke" folder in "Twinskaraoke" target */,
			);
			path = Twinskaraoke;
			sourceTree = "<group>";
		};
		D0F981DC2F94C10A00FD69AB /* TwinskaraokeWatchApp */ = {
			isa = PBXFileSystemSynchronizedRootGroup;
			exceptions = (
				D01D91D02FB1000100E30001 /* Exceptions for "TwinskaraokeWatchApp" folder in "Twinskaraoke Watch App" target */,
			);
			path = TwinskaraokeWatchApp;
			sourceTree = "<group>";
		};
		D1A000052FAD000100000005 /* TwinskaraokeTests */ = {
			isa = PBXFileSystemSynchronizedRootGroup;
			path = TwinskaraokeTests;
			sourceTree = "<group>";
		};
		D1A000062FAD000100000006 /* TwinskaraokeUITests */ = {
			isa = PBXFileSystemSynchronizedRootGroup;
			path = TwinskaraokeUITests;
			sourceTree = "<group>";
		};
		D1A000072FAD000100000007 /* TwinskaraokeWatchAppTests */ = {
			isa = PBXFileSystemSynchronizedRootGroup;
			path = TwinskaraokeWatchAppTests;
			sourceTree = "<group>";
		};
		D1A000082FAD000100000008 /* TwinskaraokeWatchAppUITests */ = {
			isa = PBXFileSystemSynchronizedRootGroup;
			path = TwinskaraokeWatchAppUITests;
			sourceTree = "<group>";
		};
/* End PBXFileSystemSynchronizedRootGroup section */

/* Begin PBXFrameworksBuildPhase section */
		D0F981B22F94C10900FD69AB /* Frameworks */ = {
			isa = PBXFrameworksBuildPhase;
			buildActionMask = 2147483647;
			files = (
				93D8E68C2F9B5FA60090FBFA /* SDWebImageSwiftUI in Frameworks */,
				D0DB31F82FA8A3F80089C24C /* LNPopupUI in Frameworks */,
				D0C385982FB0BD870055284E /* Spleeter in Frameworks */,
			);
			runOnlyForDeploymentPostprocessing = 0;
		};
		D0F981D52F94C10A00FD69AB /* Frameworks */ = {
			isa = PBXFrameworksBuildPhase;
			buildActionMask = 2147483647;
			files = (
			);
			runOnlyForDeploymentPostprocessing = 0;
		};
		D1A0000A2FAD00010000000A /* Frameworks */ = {
			isa = PBXFrameworksBuildPhase;
			buildActionMask = 2147483647;
			files = (
			);
			runOnlyForDeploymentPostprocessing = 0;
		};
		D1A0000D2FAD00010000000D /* Frameworks */ = {
			isa = PBXFrameworksBuildPhase;
			buildActionMask = 2147483647;
			files = (
			);
			runOnlyForDeploymentPostprocessing = 0;
		};
		D1A000102FAD000100000010 /* Frameworks */ = {
			isa = PBXFrameworksBuildPhase;
			buildActionMask = 2147483647;
			files = (
			);
			runOnlyForDeploymentPostprocessing = 0;
		};
		D1A000132FAD000100000013 /* Frameworks */ = {
			isa = PBXFrameworksBuildPhase;
			buildActionMask = 2147483647;
			files = (
			);
			runOnlyForDeploymentPostprocessing = 0;
		};
/* End PBXFrameworksBuildPhase section */

/* Begin PBXGroup section */
		D0DB31F62FA8A3F80089C24C /* Frameworks */ = {
			isa = PBXGroup;
			children = (
			);
			name = Frameworks;
			sourceTree = "<group>";
		};
		D0F981AC2F94C10900FD69AB = {
			isa = PBXGroup;
			children = (
				D0F981B72F94C10900FD69AB /* Twinskaraoke */,
				D0F981DC2F94C10A00FD69AB /* TwinskaraokeWatchApp */,
				D1A000052FAD000100000005 /* TwinskaraokeTests */,
				D1A000062FAD000100000006 /* TwinskaraokeUITests */,
				D1A000072FAD000100000007 /* TwinskaraokeWatchAppTests */,
				D1A000082FAD000100000008 /* TwinskaraokeWatchAppUITests */,
				D0DB31F62FA8A3F80089C24C /* Frameworks */,
				D0F981B62F94C10900FD69AB /* Products */,
			);
			sourceTree = "<group>";
		};
		D0F981B62F94C10900FD69AB /* Products */ = {
			isa = PBXGroup;
			children = (
				D0F981B52F94C10900FD69AB /* Twinskaraoke.app */,
				D0F981D82F94C10A00FD69AB /* Twinskaraoke Watch App.app */,
				D1A000012FAD000100000001 /* TwinskaraokeTests.xctest */,
				D1A000022FAD000100000002 /* TwinskaraokeUITests.xctest */,
				D1A000032FAD000100000003 /* Twinskaraoke Watch AppTests.xctest */,
				D1A000042FAD000100000004 /* Twinskaraoke Watch AppUITests.xctest */,
			);
			name = Products;
			sourceTree = "<group>";
		};
/* End PBXGroup section */

/* Begin PBXNativeTarget section */
		D0F981B42F94C10900FD69AB /* Twinskaraoke */ = {
			isa = PBXNativeTarget;
			buildConfigurationList = D0F981FF2F94C10B00FD69AB /* Build configuration list for PBXNativeTarget "Twinskaraoke" */;
			buildPhases = (
				D0F981B12F94C10900FD69AB /* Sources */,
				D0F981B22F94C10900FD69AB /* Frameworks */,
				D0F981B32F94C10900FD69AB /* Resources */,
				D0F981FE2F94C10B00FD69AB /* Embed Watch Content */,
				D0DB31FA2FA8A3F80089C24C /* Embed Frameworks */,
			);
			buildRules = (
			);
			dependencies = (
				D0F981DB2F94C10A00FD69AB /* PBXTargetDependency */,
			);
			fileSystemSynchronizedGroups = (
				D0F981B72F94C10900FD69AB /* Twinskaraoke */,
			);
			name = Twinskaraoke;
			packageProductDependencies = (
				93D8E68B2F9B5FA60090FBFA /* SDWebImageSwiftUI */,
				D0DB31F72FA8A3F80089C24C /* LNPopupUI */,
				D0C385972FB0BD870055284E /* Spleeter */,
			);
			productName = Twinskaraoke;
			productReference = D0F981B52F94C10900FD69AB /* Twinskaraoke.app */;
			productType = "com.apple.product-type.application";
		};
		D0F981D72F94C10A00FD69AB /* Twinskaraoke Watch App */ = {
			isa = PBXNativeTarget;
			buildConfigurationList = D0F981FB2F94C10B00FD69AB /* Build configuration list for PBXNativeTarget "Twinskaraoke Watch App" */;
			buildPhases = (
				D0F981D42F94C10A00FD69AB /* Sources */,
				D0F981D52F94C10A00FD69AB /* Frameworks */,
				D0F981D62F94C10A00FD69AB /* Resources */,
			);
			buildRules = (
			);
			dependencies = (
			);
			fileSystemSynchronizedGroups = (
				D0F981DC2F94C10A00FD69AB /* TwinskaraokeWatchApp */,
			);
			name = "Twinskaraoke Watch App";
			packageProductDependencies = (
			);
			productName = "Twinskaraoke Watch App";
			productReference = D0F981D82F94C10A00FD69AB /* Twinskaraoke Watch App.app */;
			productType = "com.apple.product-type.application";
		};
		D0F981C12F94C10A00FD69AB /* TwinskaraokeTests */ = {
			isa = PBXNativeTarget;
			buildConfigurationList = D1A000342FAD000100000034 /* Build configuration list for PBXNativeTarget "TwinskaraokeTests" */;
			buildPhases = (
				D1A000092FAD000100000009 /* Sources */,
				D1A0000A2FAD00010000000A /* Frameworks */,
				D1A0000B2FAD00010000000B /* Resources */,
			);
			buildRules = (
			);
			dependencies = (
				D1A000162FAD000100000016 /* PBXTargetDependency */,
			);
			fileSystemSynchronizedGroups = (
				D1A000052FAD000100000005 /* TwinskaraokeTests */,
			);
			name = TwinskaraokeTests;
			packageProductDependencies = (
			);
			productName = TwinskaraokeTests;
			productReference = D1A000012FAD000100000001 /* TwinskaraokeTests.xctest */;
			productType = "com.apple.product-type.bundle.unit-test";
		};
		D0F981CB2F94C10A00FD69AB /* TwinskaraokeUITests */ = {
			isa = PBXNativeTarget;
			buildConfigurationList = D1A000392FAD000100000039 /* Build configuration list for PBXNativeTarget "TwinskaraokeUITests" */;
			buildPhases = (
				D1A0000C2FAD00010000000C /* Sources */,
				D1A0000D2FAD00010000000D /* Frameworks */,
				D1A0000E2FAD00010000000E /* Resources */,
			);
			buildRules = (
			);
			dependencies = (
				D1A000182FAD000100000018 /* PBXTargetDependency */,
			);
			fileSystemSynchronizedGroups = (
				D1A000062FAD000100000006 /* TwinskaraokeUITests */,
			);
			name = TwinskaraokeUITests;
			packageProductDependencies = (
			);
			productName = TwinskaraokeUITests;
			productReference = D1A000022FAD000100000002 /* TwinskaraokeUITests.xctest */;
			productType = "com.apple.product-type.bundle.ui-testing";
		};
		D0F981E62F94C10B00FD69AB /* Twinskaraoke Watch AppTests */ = {
			isa = PBXNativeTarget;
			buildConfigurationList = D1A0003E2FAD00010000003E /* Build configuration list for PBXNativeTarget "Twinskaraoke Watch AppTests" */;
			buildPhases = (
				D1A0000F2FAD00010000000F /* Sources */,
				D1A000102FAD000100000010 /* Frameworks */,
				D1A000112FAD000100000011 /* Resources */,
			);
			buildRules = (
			);
			dependencies = (
				D1A0001A2FAD00010000001A /* PBXTargetDependency */,
			);
			fileSystemSynchronizedGroups = (
				D1A000072FAD000100000007 /* TwinskaraokeWatchAppTests */,
			);
			name = "Twinskaraoke Watch AppTests";
			packageProductDependencies = (
			);
			productName = "Twinskaraoke Watch AppTests";
			productReference = D1A000032FAD000100000003 /* Twinskaraoke Watch AppTests.xctest */;
			productType = "com.apple.product-type.bundle.unit-test";
		};
		D0F981F02F94C10B00FD69AB /* Twinskaraoke Watch AppUITests */ = {
			isa = PBXNativeTarget;
			buildConfigurationList = D1A000432FAD000100000043 /* Build configuration list for PBXNativeTarget "Twinskaraoke Watch AppUITests" */;
			buildPhases = (
				D1A000122FAD000100000012 /* Sources */,
				D1A000132FAD000100000013 /* Frameworks */,
				D1A000142FAD000100000014 /* Resources */,
			);
			buildRules = (
			);
			dependencies = (
				D1A0001C2FAD00010000001C /* PBXTargetDependency */,
			);
			fileSystemSynchronizedGroups = (
				D1A000082FAD000100000008 /* TwinskaraokeWatchAppUITests */,
			);
			name = "Twinskaraoke Watch AppUITests";
			packageProductDependencies = (
			);
			productName = "Twinskaraoke Watch AppUITests";
			productReference = D1A000042FAD000100000004 /* Twinskaraoke Watch AppUITests.xctest */;
			productType = "com.apple.product-type.bundle.ui-testing";
		};
/* End PBXNativeTarget section */

/* Begin PBXProject section */
		D0F981AD2F94C10900FD69AB /* Project object */ = {
			isa = PBXProject;
			attributes = {
				BuildIndependentTargetsInParallel = 1;
				LastSwiftUpdateCheck = 2640;
				LastUpgradeCheck = 2640;
				TargetAttributes = {
					D0F981B42F94C10900FD69AB = {
						CreatedOnToolsVersion = 26.4.1;
					};
					D0F981C12F94C10A00FD69AB = {
						CreatedOnToolsVersion = 26.4.1;
						TestTargetID = D0F981B42F94C10900FD69AB;
					};
					D0F981CB2F94C10A00FD69AB = {
						CreatedOnToolsVersion = 26.4.1;
						TestTargetID = D0F981B42F94C10900FD69AB;
					};
					D0F981D72F94C10A00FD69AB = {
						CreatedOnToolsVersion = 26.4.1;
					};
					D0F981E62F94C10B00FD69AB = {
						CreatedOnToolsVersion = 26.4.1;
						TestTargetID = D0F981D72F94C10A00FD69AB;
					};
					D0F981F02F94C10B00FD69AB = {
						CreatedOnToolsVersion = 26.4.1;
						TestTargetID = D0F981D72F94C10A00FD69AB;
					};
				};
			};
			buildConfigurationList = D0F981B02F94C10900FD69AB /* Build configuration list for PBXProject "Twinskaraoke" */;
			developmentRegion = en;
			hasScannedForEncodings = 0;
			knownRegions = (
				en,
				Base,
			);
			mainGroup = D0F981AC2F94C10900FD69AB;
			minimizedProjectReferenceProxies = 1;
			packageReferences = (
				93D8E68A2F9B5FA60090FBFA /* XCRemoteSwiftPackageReference "SDWebImageSwiftUI" */,
				D094F1182FA8A0A5006B427D /* XCRemoteSwiftPackageReference "LNPopupUI" */,
				D0C385962FB0BD870055284E /* XCRemoteSwiftPackageReference "swift-spleeter" */,
			);
			preferredProjectObjectVersion = 77;
			productRefGroup = D0F981B62F94C10900FD69AB /* Products */;
			projectDirPath = "";
			projectRoot = "";
			targets = (
				D0F981B42F94C10900FD69AB /* Twinskaraoke */,
				D0F981C12F94C10A00FD69AB /* TwinskaraokeTests */,
				D0F981CB2F94C10A00FD69AB /* TwinskaraokeUITests */,
				D0F981D72F94C10A00FD69AB /* Twinskaraoke Watch App */,
				D0F981E62F94C10B00FD69AB /* Twinskaraoke Watch AppTests */,
				D0F981F02F94C10B00FD69AB /* Twinskaraoke Watch AppUITests */,
			);
		};
/* End PBXProject section */

/* Begin PBXResourcesBuildPhase section */
		D0F981B32F94C10900FD69AB /* Resources */ = {
			isa = PBXResourcesBuildPhase;
			buildActionMask = 2147483647;
			files = (
			);
			runOnlyForDeploymentPostprocessing = 0;
		};
		D0F981D62F94C10A00FD69AB /* Resources */ = {
			isa = PBXResourcesBuildPhase;
			buildActionMask = 2147483647;
			files = (
			);
			runOnlyForDeploymentPostprocessing = 0;
		};
		D1A0000B2FAD00010000000B /* Resources */ = {
			isa = PBXResourcesBuildPhase;
			buildActionMask = 2147483647;
			files = (
			);
			runOnlyForDeploymentPostprocessing = 0;
		};
		D1A0000E2FAD00010000000E /* Resources */ = {
			isa = PBXResourcesBuildPhase;
			buildActionMask = 2147483647;
			files = (
			);
			runOnlyForDeploymentPostprocessing = 0;
		};
		D1A000112FAD000100000011 /* Resources */ = {
			isa = PBXResourcesBuildPhase;
			buildActionMask = 2147483647;
			files = (
			);
			runOnlyForDeploymentPostprocessing = 0;
		};
		D1A000142FAD000100000014 /* Resources */ = {
			isa = PBXResourcesBuildPhase;
			buildActionMask = 2147483647;
			files = (
			);
			runOnlyForDeploymentPostprocessing = 0;
		};
/* End PBXResourcesBuildPhase section */

/* Begin PBXSourcesBuildPhase section */
		D0F981B12F94C10900FD69AB /* Sources */ = {
			isa = PBXSourcesBuildPhase;
			buildActionMask = 2147483647;
			files = (
			);
			runOnlyForDeploymentPostprocessing = 0;
		};
		D0F981D42F94C10A00FD69AB /* Sources */ = {
			isa = PBXSourcesBuildPhase;
			buildActionMask = 2147483647;
			files = (
			);
			runOnlyForDeploymentPostprocessing = 0;
		};
		D1A000092FAD000100000009 /* Sources */ = {
			isa = PBXSourcesBuildPhase;
			buildActionMask = 2147483647;
			files = (
			);
			runOnlyForDeploymentPostprocessing = 0;
		};
		D1A0000C2FAD00010000000C /* Sources */ = {
			isa = PBXSourcesBuildPhase;
			buildActionMask = 2147483647;
			files = (
			);
			runOnlyForDeploymentPostprocessing = 0;
		};
		D1A0000F2FAD00010000000F /* Sources */ = {
			isa = PBXSourcesBuildPhase;
			buildActionMask = 2147483647;
			files = (
			);
			runOnlyForDeploymentPostprocessing = 0;
		};
		D1A000122FAD000100000012 /* Sources */ = {
			isa = PBXSourcesBuildPhase;
			buildActionMask = 2147483647;
			files = (
			);
			runOnlyForDeploymentPostprocessing = 0;
		};
/* End PBXSourcesBuildPhase section */

/* Begin PBXTargetDependency section */
		D0F981DB2F94C10A00FD69AB /* PBXTargetDependency */ = {
			isa = PBXTargetDependency;
			target = D0F981D72F94C10A00FD69AB /* Twinskaraoke Watch App */;
			targetProxy = D0F981DA2F94C10A00FD69AB /* PBXContainerItemProxy */;
		};
		D1A000162FAD000100000016 /* PBXTargetDependency */ = {
			isa = PBXTargetDependency;
			target = D0F981B42F94C10900FD69AB /* Twinskaraoke */;
			targetProxy = D1A000152FAD000100000015 /* PBXContainerItemProxy */;
		};
		D1A000182FAD000100000018 /* PBXTargetDependency */ = {
			isa = PBXTargetDependency;
			target = D0F981B42F94C10900FD69AB /* Twinskaraoke */;
			targetProxy = D1A000172FAD000100000017 /* PBXContainerItemProxy */;
		};
		D1A0001A2FAD00010000001A /* PBXTargetDependency */ = {
			isa = PBXTargetDependency;
			target = D0F981D72F94C10A00FD69AB /* Twinskaraoke Watch App */;
			targetProxy = D1A000192FAD000100000019 /* PBXContainerItemProxy */;
		};
		D1A0001C2FAD00010000001C /* PBXTargetDependency */ = {
			isa = PBXTargetDependency;
			target = D0F981D72F94C10A00FD69AB /* Twinskaraoke Watch App */;
			targetProxy = D1A0001B2FAD00010000001B /* PBXContainerItemProxy */;
		};
/* End PBXTargetDependency section */

/* Begin XCBuildConfiguration section */
		D0F981F92F94C10B00FD69AB /* Debug */ = {
			isa = XCBuildConfiguration;
			buildSettings = {
				ALWAYS_SEARCH_USER_PATHS = NO;
				ASSETCATALOG_COMPILER_GENERATE_SWIFT_ASSET_SYMBOL_EXTENSIONS = YES;
				CLANG_ANALYZER_NONNULL = YES;
				CLANG_ANALYZER_NUMBER_OBJECT_CONVERSION = YES_AGGRESSIVE;
				CLANG_CXX_LANGUAGE_STANDARD = "gnu++20";
				CLANG_ENABLE_MODULES = YES;
				CLANG_ENABLE_OBJC_ARC = YES;
				CLANG_ENABLE_OBJC_WEAK = YES;
				CLANG_WARN_BLOCK_CAPTURE_AUTORELEASING = YES;
				CLANG_WARN_BOOL_CONVERSION = YES;
				CLANG_WARN_COMMA = YES;
				CLANG_WARN_CONSTANT_CONVERSION = YES;
				CLANG_WARN_DEPRECATED_OBJC_IMPLEMENTATIONS = YES;
				CLANG_WARN_DIRECT_OBJC_ISA_USAGE = YES_ERROR;
				CLANG_WARN_DOCUMENTATION_COMMENTS = YES;
				CLANG_WARN_EMPTY_BODY = YES;
				CLANG_WARN_ENUM_CONVERSION = YES;
				CLANG_WARN_INFINITE_RECURSION = YES;
				CLANG_WARN_INT_CONVERSION = YES;
				CLANG_WARN_NON_LITERAL_NULL_CONVERSION = YES;
				CLANG_WARN_OBJC_IMPLICIT_RETAIN_SELF = YES;
				CLANG_WARN_OBJC_LITERAL_CONVERSION = YES;
				CLANG_WARN_OBJC_ROOT_CLASS = YES_ERROR;
				CLANG_WARN_QUOTED_INCLUDE_IN_FRAMEWORK_HEADER = YES;
				CLANG_WARN_RANGE_LOOP_ANALYSIS = YES;
				CLANG_WARN_STRICT_PROTOTYPES = YES;
				CLANG_WARN_SUSPICIOUS_MOVE = YES;
				CLANG_WARN_UNGUARDED_AVAILABILITY = YES_AGGRESSIVE;
				CLANG_WARN_UNREACHABLE_CODE = YES;
				CLANG_WARN__DUPLICATE_METHOD_MATCH = YES;
				COPY_PHASE_STRIP = NO;
				DEBUG_INFORMATION_FORMAT = dwarf;
				DEVELOPMENT_TEAM = GQCU59RKTN;
				ENABLE_STRICT_OBJC_MSGSEND = YES;
				ENABLE_TESTABILITY = YES;
				ENABLE_USER_SCRIPT_SANDBOXING = YES;
				GCC_C_LANGUAGE_STANDARD = gnu17;
				GCC_DYNAMIC_NO_PIC = NO;
				GCC_NO_COMMON_BLOCKS = YES;
				GCC_OPTIMIZATION_LEVEL = 0;
				GCC_PREPROCESSOR_DEFINITIONS = (
					"DEBUG=1",
					"$(inherited)",
				);
				GCC_WARN_64_TO_32_BIT_CONVERSION = YES;
				GCC_WARN_ABOUT_RETURN_TYPE = YES_ERROR;
				GCC_WARN_UNDECLARED_SELECTOR = YES;
				GCC_WARN_UNINITIALIZED_AUTOS = YES_AGGRESSIVE;
				GCC_WARN_UNUSED_FUNCTION = YES;
				GCC_WARN_UNUSED_VARIABLE = YES;
				LOCALIZATION_PREFERS_STRING_CATALOGS = YES;
				MTL_ENABLE_DEBUG_INFO = INCLUDE_SOURCE;
				MTL_FAST_MATH = YES;
				ONLY_ACTIVE_ARCH = YES;
				SWIFT_ACTIVE_COMPILATION_CONDITIONS = "DEBUG $(inherited)";
				SWIFT_OPTIMIZATION_LEVEL = "-Onone";
			};
			name = Debug;
		};
		D0F981FA2F94C10B00FD69AB /* Release */ = {
			isa = XCBuildConfiguration;
			buildSettings = {
				ALWAYS_SEARCH_USER_PATHS = NO;
				ASSETCATALOG_COMPILER_GENERATE_SWIFT_ASSET_SYMBOL_EXTENSIONS = YES;
				CLANG_ANALYZER_NONNULL = YES;
				CLANG_ANALYZER_NUMBER_OBJECT_CONVERSION = YES_AGGRESSIVE;
				CLANG_CXX_LANGUAGE_STANDARD = "gnu++20";
				CLANG_ENABLE_MODULES = YES;
				CLANG_ENABLE_OBJC_ARC = YES;
				CLANG_ENABLE_OBJC_WEAK = YES;
				CLANG_WARN_BLOCK_CAPTURE_AUTORELEASING = YES;
				CLANG_WARN_BOOL_CONVERSION = YES;
				CLANG_WARN_COMMA = YES;
				CLANG_WARN_CONSTANT_CONVERSION = YES;
				CLANG_WARN_DEPRECATED_OBJC_IMPLEMENTATIONS = YES;
				CLANG_WARN_DIRECT_OBJC_ISA_USAGE = YES_ERROR;
				CLANG_WARN_DOCUMENTATION_COMMENTS = YES;
				CLANG_WARN_EMPTY_BODY = YES;
				CLANG_WARN_ENUM_CONVERSION = YES;
				CLANG_WARN_INFINITE_RECURSION = YES;
				CLANG_WARN_INT_CONVERSION = YES;
				CLANG_WARN_NON_LITERAL_NULL_CONVERSION = YES;
				CLANG_WARN_OBJC_IMPLICIT_RETAIN_SELF = YES;
				CLANG_WARN_OBJC_LITERAL_CONVERSION = YES;
				CLANG_WARN_OBJC_ROOT_CLASS = YES_ERROR;
				CLANG_WARN_QUOTED_INCLUDE_IN_FRAMEWORK_HEADER = YES;
				CLANG_WARN_RANGE_LOOP_ANALYSIS = YES;
				CLANG_WARN_STRICT_PROTOTYPES = YES;
				CLANG_WARN_SUSPICIOUS_MOVE = YES;
				CLANG_WARN_UNGUARDED_AVAILABILITY = YES_AGGRESSIVE;
				CLANG_WARN_UNREACHABLE_CODE = YES;
				CLANG_WARN__DUPLICATE_METHOD_MATCH = YES;
				COPY_PHASE_STRIP = NO;
				DEBUG_INFORMATION_FORMAT = "dwarf-with-dsym";
				DEVELOPMENT_TEAM = GQCU59RKTN;
				ENABLE_NS_ASSERTIONS = NO;
				ENABLE_STRICT_OBJC_MSGSEND = YES;
				ENABLE_USER_SCRIPT_SANDBOXING = YES;
				GCC_C_LANGUAGE_STANDARD = gnu17;
				GCC_NO_COMMON_BLOCKS = YES;
				GCC_WARN_64_TO_32_BIT_CONVERSION = YES;
				GCC_WARN_ABOUT_RETURN_TYPE = YES_ERROR;
				GCC_WARN_UNDECLARED_SELECTOR = YES;
				GCC_WARN_UNINITIALIZED_AUTOS = YES_AGGRESSIVE;
				GCC_WARN_UNUSED_FUNCTION = YES;
				GCC_WARN_UNUSED_VARIABLE = YES;
				LOCALIZATION_PREFERS_STRING_CATALOGS = YES;
				MTL_ENABLE_DEBUG_INFO = NO;
				MTL_FAST_MATH = YES;
				SWIFT_COMPILATION_MODE = wholemodule;
			};
			name = Release;
		};
		D0F981FC2F94C10B00FD69AB /* Debug */ = {
			isa = XCBuildConfiguration;
			buildSettings = {
				ASSETCATALOG_COMPILER_APPICON_NAME = AppIcon;
				ASSETCATALOG_COMPILER_GLOBAL_ACCENT_COLOR_NAME = AccentColor;
				CODE_SIGN_STYLE = Automatic;
				CURRENT_PROJECT_VERSION = 1;
				DEVELOPMENT_TEAM = GQCU59RKTN;
				ENABLE_PREVIEWS = YES;
				GENERATE_INFOPLIST_FILE = YES;
				INFOPLIST_FILE = TwinskaraokeWatchApp/Info.plist;
				INFOPLIST_KEY_CFBundleDisplayName = Twinskaraoke;
				INFOPLIST_KEY_UIBackgroundModes = audio;
				INFOPLIST_KEY_UISupportedInterfaceOrientations = "UIInterfaceOrientationPortrait UIInterfaceOrientationPortraitUpsideDown";
				INFOPLIST_KEY_WKCompanionAppBundleIdentifier = org.evilneur.Twinskaraoke;
				LD_RUNPATH_SEARCH_PATHS = (
					"$(inherited)",
					"@executable_path/Frameworks",
				);
				MARKETING_VERSION = 1.0;
				PRODUCT_BUNDLE_IDENTIFIER = org.evilneur.Twinskaraoke.watchkitapp;
				PRODUCT_NAME = "$(TARGET_NAME)";
				SDKROOT = watchos;
				SKIP_INSTALL = YES;
				STRING_CATALOG_GENERATE_SYMBOLS = YES;
				SWIFT_APPROACHABLE_CONCURRENCY = YES;
				SWIFT_DEFAULT_ACTOR_ISOLATION = MainActor;
				SWIFT_EMIT_LOC_STRINGS = YES;
				SWIFT_UPCOMING_FEATURE_MEMBER_IMPORT_VISIBILITY = YES;
				SWIFT_VERSION = 5.0;
				TARGETED_DEVICE_FAMILY = 4;
				WATCHOS_DEPLOYMENT_TARGET = 9.6;
			};
			name = Debug;
		};
		D0F981FD2F94C10B00FD69AB /* Release */ = {
			isa = XCBuildConfiguration;
			buildSettings = {
				ASSETCATALOG_COMPILER_APPICON_NAME = AppIcon;
				ASSETCATALOG_COMPILER_GLOBAL_ACCENT_COLOR_NAME = AccentColor;
				CODE_SIGN_STYLE = Automatic;
				CURRENT_PROJECT_VERSION = 1;
				DEVELOPMENT_TEAM = GQCU59RKTN;
				ENABLE_PREVIEWS = YES;
				GENERATE_INFOPLIST_FILE = YES;
				INFOPLIST_FILE = TwinskaraokeWatchApp/Info.plist;
				INFOPLIST_KEY_CFBundleDisplayName = Twinskaraoke;
				INFOPLIST_KEY_UIBackgroundModes = audio;
				INFOPLIST_KEY_UISupportedInterfaceOrientations = "UIInterfaceOrientationPortrait UIInterfaceOrientationPortraitUpsideDown";
				INFOPLIST_KEY_WKCompanionAppBundleIdentifier = org.evilneur.Twinskaraoke;
				LD_RUNPATH_SEARCH_PATHS = (
					"$(inherited)",
					"@executable_path/Frameworks",
				);
				MARKETING_VERSION = 1.0;
				PRODUCT_BUNDLE_IDENTIFIER = org.evilneur.Twinskaraoke.watchkitapp;
				PRODUCT_NAME = "$(TARGET_NAME)";
				SDKROOT = watchos;
				SKIP_INSTALL = YES;
				STRING_CATALOG_GENERATE_SYMBOLS = YES;
				SWIFT_APPROACHABLE_CONCURRENCY = YES;
				SWIFT_DEFAULT_ACTOR_ISOLATION = MainActor;
				SWIFT_EMIT_LOC_STRINGS = YES;
				SWIFT_UPCOMING_FEATURE_MEMBER_IMPORT_VISIBILITY = YES;
				SWIFT_VERSION = 5.0;
				TARGETED_DEVICE_FAMILY = 4;
				VALIDATE_PRODUCT = YES;
				WATCHOS_DEPLOYMENT_TARGET = 9.6;
			};
			name = Release;
		};
		D0F982002F94C10B00FD69AB /* Debug */ = {
			isa = XCBuildConfiguration;
			buildSettings = {
				ASSETCATALOG_COMPILER_APPICON_NAME = AppIcon;
				ASSETCATALOG_COMPILER_GLOBAL_ACCENT_COLOR_NAME = AccentColor;
				CODE_SIGN_ENTITLEMENTS = Twinskaraoke/Twinskaraoke.entitlements;
				CODE_SIGN_IDENTITY = "Apple Development";
				CODE_SIGN_STYLE = Automatic;
				CURRENT_PROJECT_VERSION = 1;
				DEVELOPMENT_TEAM = GQCU59RKTN;
				ENABLE_PREVIEWS = YES;
				GENERATE_INFOPLIST_FILE = YES;
				INFOPLIST_FILE = Twinskaraoke/Info.plist;
				INFOPLIST_KEY_CFBundleDisplayName = Twinskaraoke;
				INFOPLIST_KEY_NSPhotoLibraryAddUsageDescription = "Save artwork from the Art Gallery to your Photos library.";
				INFOPLIST_KEY_UIApplicationSceneManifest_Generation = YES;
				INFOPLIST_KEY_UIApplicationSupportsIndirectInputEvents = YES;
				INFOPLIST_KEY_UIBackgroundModes = audio;
				INFOPLIST_KEY_UILaunchStoryboardName = LaunchScreen;
				INFOPLIST_KEY_UISupportedInterfaceOrientations_iPad = "UIInterfaceOrientationPortrait UIInterfaceOrientationPortraitUpsideDown UIInterfaceOrientationLandscapeLeft UIInterfaceOrientationLandscapeRight";
				INFOPLIST_KEY_UISupportedInterfaceOrientations_iPhone = UIInterfaceOrientationPortrait;
				IPHONEOS_DEPLOYMENT_TARGET = 17.6;
				LD_RUNPATH_SEARCH_PATHS = (
					"$(inherited)",
					"@executable_path/Frameworks",
				);
				MARKETING_VERSION = 1.0;
				PRODUCT_BUNDLE_IDENTIFIER = org.evilneur.Twinskaraoke;
				PRODUCT_NAME = "$(TARGET_NAME)";
				PROVISIONING_PROFILE_SPECIFIER = "";
				SDKROOT = iphoneos;
				STRING_CATALOG_GENERATE_SYMBOLS = YES;
				SWIFT_APPROACHABLE_CONCURRENCY = YES;
				SWIFT_DEFAULT_ACTOR_ISOLATION = MainActor;
				SWIFT_EMIT_LOC_STRINGS = YES;
				SWIFT_UPCOMING_FEATURE_MEMBER_IMPORT_VISIBILITY = YES;
				SWIFT_VERSION = 5.0;
				TARGETED_DEVICE_FAMILY = "1,2";
			};
			name = Debug;
		};
		D0F982012F94C10B00FD69AB /* Release */ = {
			isa = XCBuildConfiguration;
			buildSettings = {
				ASSETCATALOG_COMPILER_APPICON_NAME = AppIcon;
				ASSETCATALOG_COMPILER_GLOBAL_ACCENT_COLOR_NAME = AccentColor;
				CODE_SIGN_ENTITLEMENTS = Twinskaraoke/Twinskaraoke.entitlements;
				CODE_SIGN_IDENTITY = "Apple Development";
				CODE_SIGN_STYLE = Automatic;
				CURRENT_PROJECT_VERSION = 1;
				DEVELOPMENT_TEAM = GQCU59RKTN;
				ENABLE_PREVIEWS = YES;
				GENERATE_INFOPLIST_FILE = YES;
				INFOPLIST_FILE = Twinskaraoke/Info.plist;
				INFOPLIST_KEY_CFBundleDisplayName = Twinskaraoke;
				INFOPLIST_KEY_NSPhotoLibraryAddUsageDescription = "Save artwork from the Art Gallery to your Photos library.";
				INFOPLIST_KEY_UIApplicationSceneManifest_Generation = YES;
				INFOPLIST_KEY_UIApplicationSupportsIndirectInputEvents = YES;
				INFOPLIST_KEY_UIBackgroundModes = audio;
				INFOPLIST_KEY_UILaunchStoryboardName = LaunchScreen;
				INFOPLIST_KEY_UISupportedInterfaceOrientations_iPad = "UIInterfaceOrientationPortrait UIInterfaceOrientationPortraitUpsideDown UIInterfaceOrientationLandscapeLeft UIInterfaceOrientationLandscapeRight";
				INFOPLIST_KEY_UISupportedInterfaceOrientations_iPhone = UIInterfaceOrientationPortrait;
				IPHONEOS_DEPLOYMENT_TARGET = 17.6;
				LD_RUNPATH_SEARCH_PATHS = (
					"$(inherited)",
					"@executable_path/Frameworks",
				);
				MARKETING_VERSION = 1.0;
				PRODUCT_BUNDLE_IDENTIFIER = org.evilneur.Twinskaraoke;
				PRODUCT_NAME = "$(TARGET_NAME)";
				PROVISIONING_PROFILE_SPECIFIER = "";
				SDKROOT = iphoneos;
				STRING_CATALOG_GENERATE_SYMBOLS = YES;
				SWIFT_APPROACHABLE_CONCURRENCY = YES;
				SWIFT_DEFAULT_ACTOR_ISOLATION = MainActor;
				SWIFT_EMIT_LOC_STRINGS = YES;
				SWIFT_UPCOMING_FEATURE_MEMBER_IMPORT_VISIBILITY = YES;
				SWIFT_VERSION = 5.0;
				TARGETED_DEVICE_FAMILY = "1,2";
				VALIDATE_PRODUCT = YES;
			};
			name = Release;
		};
		D1A000302FAD000100000030 /* Debug */ = {
			isa = XCBuildConfiguration;
			buildSettings = {
				BUNDLE_LOADER = "$(TEST_HOST)";
				CODE_SIGN_STYLE = Automatic;
				CURRENT_PROJECT_VERSION = 1;
				DEVELOPMENT_TEAM = GQCU59RKTN;
				GENERATE_INFOPLIST_FILE = YES;
				IPHONEOS_DEPLOYMENT_TARGET = 17.6;
				LD_RUNPATH_SEARCH_PATHS = (
					"$(inherited)",
					"@executable_path/Frameworks",
					"@loader_path/Frameworks",
				);
				MARKETING_VERSION = 1.0;
				PRODUCT_BUNDLE_IDENTIFIER = org.evilneur.TwinskaraokeTests;
				PRODUCT_NAME = "$(TARGET_NAME)";
				SDKROOT = iphoneos;
				SWIFT_APPROACHABLE_CONCURRENCY = YES;
				SWIFT_DEFAULT_ACTOR_ISOLATION = MainActor;
				SWIFT_EMIT_LOC_STRINGS = NO;
				SWIFT_UPCOMING_FEATURE_MEMBER_IMPORT_VISIBILITY = YES;
				SWIFT_VERSION = 5.0;
				TARGETED_DEVICE_FAMILY = "1,2";
				TEST_HOST = "$(BUILT_PRODUCTS_DIR)/Twinskaraoke.app/$(BUNDLE_EXECUTABLE_FOLDER_PATH)/Twinskaraoke";
			};
			name = Debug;
		};
		D1A000312FAD000100000031 /* Release */ = {
			isa = XCBuildConfiguration;
			buildSettings = {
				BUNDLE_LOADER = "$(TEST_HOST)";
				CODE_SIGN_STYLE = Automatic;
				CURRENT_PROJECT_VERSION = 1;
				DEVELOPMENT_TEAM = GQCU59RKTN;
				GENERATE_INFOPLIST_FILE = YES;
				IPHONEOS_DEPLOYMENT_TARGET = 17.6;
				LD_RUNPATH_SEARCH_PATHS = (
					"$(inherited)",
					"@executable_path/Frameworks",
					"@loader_path/Frameworks",
				);
				MARKETING_VERSION = 1.0;
				PRODUCT_BUNDLE_IDENTIFIER = org.evilneur.TwinskaraokeTests;
				PRODUCT_NAME = "$(TARGET_NAME)";
				SDKROOT = iphoneos;
				SWIFT_APPROACHABLE_CONCURRENCY = YES;
				SWIFT_DEFAULT_ACTOR_ISOLATION = MainActor;
				SWIFT_EMIT_LOC_STRINGS = NO;
				SWIFT_UPCOMING_FEATURE_MEMBER_IMPORT_VISIBILITY = YES;
				SWIFT_VERSION = 5.0;
				TARGETED_DEVICE_FAMILY = "1,2";
				TEST_HOST = "$(BUILT_PRODUCTS_DIR)/Twinskaraoke.app/$(BUNDLE_EXECUTABLE_FOLDER_PATH)/Twinskaraoke";
			};
			name = Release;
		};
		D1A000352FAD000100000035 /* Debug */ = {
			isa = XCBuildConfiguration;
			buildSettings = {
				CODE_SIGN_STYLE = Automatic;
				CURRENT_PROJECT_VERSION = 1;
				DEVELOPMENT_TEAM = GQCU59RKTN;
				GENERATE_INFOPLIST_FILE = YES;
				IPHONEOS_DEPLOYMENT_TARGET = 17.6;
				LD_RUNPATH_SEARCH_PATHS = (
					"$(inherited)",
					"@executable_path/Frameworks",
					"@loader_path/Frameworks",
				);
				MARKETING_VERSION = 1.0;
				PRODUCT_BUNDLE_IDENTIFIER = org.evilneur.TwinskaraokeUITests;
				PRODUCT_NAME = "$(TARGET_NAME)";
				SDKROOT = iphoneos;
				SWIFT_APPROACHABLE_CONCURRENCY = YES;
				SWIFT_EMIT_LOC_STRINGS = NO;
				SWIFT_UPCOMING_FEATURE_MEMBER_IMPORT_VISIBILITY = YES;
				SWIFT_VERSION = 5.0;
				TARGETED_DEVICE_FAMILY = "1,2";
				TEST_TARGET_NAME = Twinskaraoke;
			};
			name = Debug;
		};
		D1A000362FAD000100000036 /* Release */ = {
			isa = XCBuildConfiguration;
			buildSettings = {
				CODE_SIGN_STYLE = Automatic;
				CURRENT_PROJECT_VERSION = 1;
				DEVELOPMENT_TEAM = GQCU59RKTN;
				GENERATE_INFOPLIST_FILE = YES;
				IPHONEOS_DEPLOYMENT_TARGET = 17.6;
				LD_RUNPATH_SEARCH_PATHS = (
					"$(inherited)",
					"@executable_path/Frameworks",
					"@loader_path/Frameworks",
				);
				MARKETING_VERSION = 1.0;
				PRODUCT_BUNDLE_IDENTIFIER = org.evilneur.TwinskaraokeUITests;
				PRODUCT_NAME = "$(TARGET_NAME)";
				SDKROOT = iphoneos;
				SWIFT_APPROACHABLE_CONCURRENCY = YES;
				SWIFT_EMIT_LOC_STRINGS = NO;
				SWIFT_UPCOMING_FEATURE_MEMBER_IMPORT_VISIBILITY = YES;
				SWIFT_VERSION = 5.0;
				TARGETED_DEVICE_FAMILY = "1,2";
				TEST_TARGET_NAME = Twinskaraoke;
			};
			name = Release;
		};
		D1A0003A2FAD00010000003A /* Debug */ = {
			isa = XCBuildConfiguration;
			buildSettings = {
				BUNDLE_LOADER = "$(TEST_HOST)";
				CODE_SIGN_STYLE = Automatic;
				CURRENT_PROJECT_VERSION = 1;
				DEVELOPMENT_TEAM = GQCU59RKTN;
				GENERATE_INFOPLIST_FILE = YES;
				LD_RUNPATH_SEARCH_PATHS = (
					"$(inherited)",
					"@executable_path/Frameworks",
					"@loader_path/Frameworks",
				);
				MARKETING_VERSION = 1.0;
				PRODUCT_BUNDLE_IDENTIFIER = org.evilneur.Twinskaraoke.watchkitappTests;
				PRODUCT_NAME = "$(TARGET_NAME)";
				SDKROOT = watchos;
				SWIFT_APPROACHABLE_CONCURRENCY = YES;
				SWIFT_DEFAULT_ACTOR_ISOLATION = MainActor;
				SWIFT_EMIT_LOC_STRINGS = NO;
				SWIFT_UPCOMING_FEATURE_MEMBER_IMPORT_VISIBILITY = YES;
				SWIFT_VERSION = 5.0;
				TARGETED_DEVICE_FAMILY = 4;
				TEST_HOST = "$(BUILT_PRODUCTS_DIR)/Twinskaraoke Watch App.app/$(BUNDLE_EXECUTABLE_FOLDER_PATH)/Twinskaraoke Watch App";
				WATCHOS_DEPLOYMENT_TARGET = 9.6;
			};
			name = Debug;
		};
		D1A0003B2FAD00010000003B /* Release */ = {
			isa = XCBuildConfiguration;
			buildSettings = {
				BUNDLE_LOADER = "$(TEST_HOST)";
				CODE_SIGN_STYLE = Automatic;
				CURRENT_PROJECT_VERSION = 1;
				DEVELOPMENT_TEAM = GQCU59RKTN;
				GENERATE_INFOPLIST_FILE = YES;
				LD_RUNPATH_SEARCH_PATHS = (
					"$(inherited)",
					"@executable_path/Frameworks",
					"@loader_path/Frameworks",
				);
				MARKETING_VERSION = 1.0;
				PRODUCT_BUNDLE_IDENTIFIER = org.evilneur.Twinskaraoke.watchkitappTests;
				PRODUCT_NAME = "$(TARGET_NAME)";
				SDKROOT = watchos;
				SWIFT_APPROACHABLE_CONCURRENCY = YES;
				SWIFT_DEFAULT_ACTOR_ISOLATION = MainActor;
				SWIFT_EMIT_LOC_STRINGS = NO;
				SWIFT_UPCOMING_FEATURE_MEMBER_IMPORT_VISIBILITY = YES;
				SWIFT_VERSION = 5.0;
				TARGETED_DEVICE_FAMILY = 4;
				TEST_HOST = "$(BUILT_PRODUCTS_DIR)/Twinskaraoke Watch App.app/$(BUNDLE_EXECUTABLE_FOLDER_PATH)/Twinskaraoke Watch App";
				WATCHOS_DEPLOYMENT_TARGET = 9.6;
			};
			name = Release;
		};
		D1A0003F2FAD00010000003F /* Debug */ = {
			isa = XCBuildConfiguration;
			buildSettings = {
				CODE_SIGN_STYLE = Automatic;
				CURRENT_PROJECT_VERSION = 1;
				DEVELOPMENT_TEAM = GQCU59RKTN;
				GENERATE_INFOPLIST_FILE = YES;
				LD_RUNPATH_SEARCH_PATHS = (
					"$(inherited)",
					"@executable_path/Frameworks",
					"@loader_path/Frameworks",
				);
				MARKETING_VERSION = 1.0;
				PRODUCT_BUNDLE_IDENTIFIER = org.evilneur.Twinskaraoke.watchkitappUITests;
				PRODUCT_NAME = "$(TARGET_NAME)";
				SDKROOT = watchos;
				SWIFT_APPROACHABLE_CONCURRENCY = YES;
				SWIFT_EMIT_LOC_STRINGS = NO;
				SWIFT_UPCOMING_FEATURE_MEMBER_IMPORT_VISIBILITY = YES;
				SWIFT_VERSION = 5.0;
				TARGETED_DEVICE_FAMILY = 4;
				TEST_TARGET_NAME = "Twinskaraoke Watch App";
				WATCHOS_DEPLOYMENT_TARGET = 9.6;
			};
			name = Debug;
		};
		D1A000402FAD000100000040 /* Release */ = {
			isa = XCBuildConfiguration;
			buildSettings = {
				CODE_SIGN_STYLE = Automatic;
				CURRENT_PROJECT_VERSION = 1;
				DEVELOPMENT_TEAM = GQCU59RKTN;
				GENERATE_INFOPLIST_FILE = YES;
				LD_RUNPATH_SEARCH_PATHS = (
					"$(inherited)",
					"@executable_path/Frameworks",
					"@loader_path/Frameworks",
				);
				MARKETING_VERSION = 1.0;
				PRODUCT_BUNDLE_IDENTIFIER = org.evilneur.Twinskaraoke.watchkitappUITests;
				PRODUCT_NAME = "$(TARGET_NAME)";
				SDKROOT = watchos;
				SWIFT_APPROACHABLE_CONCURRENCY = YES;
				SWIFT_EMIT_LOC_STRINGS = NO;
				SWIFT_UPCOMING_FEATURE_MEMBER_IMPORT_VISIBILITY = YES;
				SWIFT_VERSION = 5.0;
				TARGETED_DEVICE_FAMILY = 4;
				TEST_TARGET_NAME = "Twinskaraoke Watch App";
				WATCHOS_DEPLOYMENT_TARGET = 9.6;
			};
			name = Release;
		};
/* End XCBuildConfiguration section */

/* Begin XCConfigurationList section */
		D0F981B02F94C10900FD69AB /* Build configuration list for PBXProject "Twinskaraoke" */ = {
			isa = XCConfigurationList;
			buildConfigurations = (
				D0F981F92F94C10B00FD69AB /* Debug */,
				D0F981FA2F94C10B00FD69AB /* Release */,
			);
			defaultConfigurationIsVisible = 0;
			defaultConfigurationName = Release;
		};
		D0F981FB2F94C10B00FD69AB /* Build configuration list for PBXNativeTarget "Twinskaraoke Watch App" */ = {
			isa = XCConfigurationList;
			buildConfigurations = (
				D0F981FC2F94C10B00FD69AB /* Debug */,
				D0F981FD2F94C10B00FD69AB /* Release */,
			);
			defaultConfigurationIsVisible = 0;
			defaultConfigurationName = Release;
		};
		D0F981FF2F94C10B00FD69AB /* Build configuration list for PBXNativeTarget "Twinskaraoke" */ = {
			isa = XCConfigurationList;
			buildConfigurations = (
				D0F982002F94C10B00FD69AB /* Debug */,
				D0F982012F94C10B00FD69AB /* Release */,
			);
			defaultConfigurationIsVisible = 0;
			defaultConfigurationName = Release;
		};
		D1A000342FAD000100000034 /* Build configuration list for PBXNativeTarget "TwinskaraokeTests" */ = {
			isa = XCConfigurationList;
			buildConfigurations = (
				D1A000302FAD000100000030 /* Debug */,
				D1A000312FAD000100000031 /* Release */,
			);
			defaultConfigurationIsVisible = 0;
			defaultConfigurationName = Release;
		};
		D1A000392FAD000100000039 /* Build configuration list for PBXNativeTarget "TwinskaraokeUITests" */ = {
			isa = XCConfigurationList;
			buildConfigurations = (
				D1A000352FAD000100000035 /* Debug */,
				D1A000362FAD000100000036 /* Release */,
			);
			defaultConfigurationIsVisible = 0;
			defaultConfigurationName = Release;
		};
		D1A0003E2FAD00010000003E /* Build configuration list for PBXNativeTarget "Twinskaraoke Watch AppTests" */ = {
			isa = XCConfigurationList;
			buildConfigurations = (
				D1A0003A2FAD00010000003A /* Debug */,
				D1A0003B2FAD00010000003B /* Release */,
			);
			defaultConfigurationIsVisible = 0;
			defaultConfigurationName = Release;
		};
		D1A000432FAD000100000043 /* Build configuration list for PBXNativeTarget "Twinskaraoke Watch AppUITests" */ = {
			isa = XCConfigurationList;
			buildConfigurations = (
				D1A0003F2FAD00010000003F /* Debug */,
				D1A000402FAD000100000040 /* Release */,
			);
			defaultConfigurationIsVisible = 0;
			defaultConfigurationName = Release;
		};
/* End XCConfigurationList section */

/* Begin XCRemoteSwiftPackageReference section */
		93D8E68A2F9B5FA60090FBFA /* XCRemoteSwiftPackageReference "SDWebImageSwiftUI" */ = {
			isa = XCRemoteSwiftPackageReference;
			repositoryURL = "https://github.com/SDWebImage/SDWebImageSwiftUI";
			requirement = {
				kind = upToNextMajorVersion;
				minimumVersion = 3.1.4;
			};
		};
		D094F1182FA8A0A5006B427D /* XCRemoteSwiftPackageReference "LNPopupUI" */ = {
			isa = XCRemoteSwiftPackageReference;
			repositoryURL = "https://github.com/LeoNatan/LNPopupUI";
			requirement = {
				kind = upToNextMajorVersion;
				minimumVersion = 3.0.2;
			};
		};
		D0C385962FB0BD870055284E /* XCRemoteSwiftPackageReference "swift-spleeter" */ = {
			isa = XCRemoteSwiftPackageReference;
			repositoryURL = "https://github.com/jiyimeta/swift-spleeter";
			requirement = {
				kind = upToNextMajorVersion;
				minimumVersion = 0.2.0;
			};
		};
/* End XCRemoteSwiftPackageReference section */

/* Begin XCSwiftPackageProductDependency section */
		93D8E68B2F9B5FA60090FBFA /* SDWebImageSwiftUI */ = {
			isa = XCSwiftPackageProductDependency;
			package = 93D8E68A2F9B5FA60090FBFA /* XCRemoteSwiftPackageReference "SDWebImageSwiftUI" */;
			productName = SDWebImageSwiftUI;
		};
		D0C385972FB0BD870055284E /* Spleeter */ = {
			isa = XCSwiftPackageProductDependency;
			package = D0C385962FB0BD870055284E /* XCRemoteSwiftPackageReference "swift-spleeter" */;
			productName = Spleeter;
		};
		D0DB31F72FA8A3F80089C24C /* LNPopupUI */ = {
			isa = XCSwiftPackageProductDependency;
			package = D094F1182FA8A0A5006B427D /* XCRemoteSwiftPackageReference "LNPopupUI" */;
			productName = LNPopupUI;
		};
/* End XCSwiftPackageProductDependency section */
	};
	rootObject = D0F981AD2F94C10900FD69AB /* Project object */;
}
